
Microsoft Visual Studio Solution File, Format Version 12.00
Project("{FAE04EC0-301F-11D3-BF4B-00C04F79EFBC}") = "ClanCastleDefence", "ClanCastleDefence\ClanCastleDefence.csproj", "{798F9554-CBC4-447B-B08A-077F993810DC}"
EndProject
Global
	GlobalSection(SolutionConfigurationPlatforms) = preSolution
		Debug|Any CPU = Debug|Any CPU
		Release|Any CPU = Release|Any CPU
	EndGlobalSection
	GlobalSection(ProjectConfigurationPlatforms) = postSolution
		{798F9554-CBC4-447B-B08A-077F993810DC}.Debug|Any CPU.ActiveCfg = Debug|Any CPU
		{798F9554-CBC4-447B-B08A-077F993810DC}.Debug|Any CPU.Build.0 = Debug|Any CPU
		{798F9554-CBC4-447B-B08A-077F993810DC}.Release|Any CPU.ActiveCfg = Release|Any CPU
		{798F9554-CBC4-447B-B08A-077F993810DC}.Release|Any CPU.Build.0 = Release|Any CPU
	EndGlobalSection
EndGlobal
